
Microsoft Visual Studio Solution File, Format Version 12.00
# Visual Studio 15
VisualStudioVersion = 15.0.27428.2005
MinimumVisualStudioVersion = 10.0.40219.1
Project("{FAE04EC0-301F-11D3-BF4B-00C04F79EFBC}") = "XIoT.Api.Web", "XIoT.Api.Web\XIoT.Api.Web.csproj", "{40172D0A-75DA-41F9-9C4B-E6D0E8798BD9}"
EndProject
Global
	GlobalSection(SolutionConfigurationPlatforms) = preSolution
		Debug|Any CPU = Debug|Any CPU
		Release|Any CPU = Release|Any CPU
	EndGlobalSection
	GlobalSection(ProjectConfigurationPlatforms) = postSolution
		{40172D0A-75DA-41F9-9C4B-E6D0E8798BD9}.Debug|Any CPU.ActiveCfg = Debug|Any CPU
		{40172D0A-75DA-41F9-9C4B-E6D0E8798BD9}.Debug|Any CPU.Build.0 = Debug|Any CPU
		{40172D0A-75DA-41F9-9C4B-E6D0E8798BD9}.Release|Any CPU.ActiveCfg = Release|Any CPU
		{40172D0A-75DA-41F9-9C4B-E6D0E8798BD9}.Release|Any CPU.Build.0 = Release|Any CPU
	EndGlobalSection
	GlobalSection(SolutionProperties) = preSolution
		HideSolutionNode = FALSE
	EndGlobalSection
	GlobalSection(ExtensibilityGlobals) = postSolution
		SolutionGuid = {3CC75192-DE41-4300-AE46-FECD558BF19D}
	EndGlobalSection
EndGlobal
